
Microsoft Visual Studio Solution File, Format Version 12.00
# Visual Studio Version 16
VisualStudioVersion = 16.0.33801.447
MinimumVisualStudioVersion = 10.0.40219.1
Project("{9A19103F-16F7-4668-BE54-9A1E7A4F7556}") = "DGCore", "DGCore\DGCore.csproj", "{A7827455-3245-474C-8AB8-C6D7CD2CB6B0}"
EndProject
Project("{9A19103F-16F7-4668-BE54-9A1E7A4F7556}") = "WpfSpLib", "WpfSpLib\WpfSpLib.csproj", "{CFC2460C-A53B-4CE4-A6C9-247FA8DA8743}"
EndProject
Project("{9A19103F-16F7-4668-BE54-9A1E7A4F7556}") = "DGView", "DGView\DGView.csproj", "{C1DD0064-538C-4947-AC33-A86DA35D372B}"
EndProject
Project("{9A19103F-16F7-4668-BE54-9A1E7A4F7556}") = "Tests", "Tests\Tests.csproj", "{4664B382-E82F-43F1-AD2A-3CDDA73E034E}"
EndProject
Project("{9A19103F-16F7-4668-BE54-9A1E7A4F7556}") = "TestsWinForms", "TestsWinForms\TestsWinForms.csproj", "{7F76200C-7D31-45C1-ABEC-001EA3E7A610}"
EndProject
Project("{2150E333-8FDC-42A3-9474-1A3956D46DE8}") = "Solution Items", "Solution Items", "{8BD05131-7BEA-4CA1-A50B-A6D958F057F3}"
	ProjectSection(SolutionItems) = preProject
		Color.Explanation.txt = Color.Explanation.txt
		Performance.txt = Performance.txt
		RDBMS.txt = RDBMS.txt
		Strategy.txt = Strategy.txt
		ToDo.txt = ToDo.txt
	EndProjectSection
EndProject
Project("{9A19103F-16F7-4668-BE54-9A1E7A4F7556}") = "TestsConsole", "TestsConsole\TestsConsole.csproj", "{08400084-2798-4C36-97FD-2757A031A7C2}"
EndProject
Global
	GlobalSection(SolutionConfigurationPlatforms) = preSolution
		Debug|Any CPU = Debug|Any CPU
		Release|Any CPU = Release|Any CPU
	EndGlobalSection
	GlobalSection(ProjectConfigurationPlatforms) = postSolution
		{A7827455-3245-474C-8AB8-C6D7CD2CB6B0}.Debug|Any CPU.ActiveCfg = Debug|Any CPU
		{A7827455-3245-474C-8AB8-C6D7CD2CB6B0}.Debug|Any CPU.Build.0 = Debug|Any CPU
		{A7827455-3245-474C-8AB8-C6D7CD2CB6B0}.Release|Any CPU.ActiveCfg = Release|Any CPU
		{A7827455-3245-474C-8AB8-C6D7CD2CB6B0}.Release|Any CPU.Build.0 = Release|Any CPU
		{CFC2460C-A53B-4CE4-A6C9-247FA8DA8743}.Debug|Any CPU.ActiveCfg = Debug|Any CPU
		{CFC2460C-A53B-4CE4-A6C9-247FA8DA8743}.Debug|Any CPU.Build.0 = Debug|Any CPU
		{CFC2460C-A53B-4CE4-A6C9-247FA8DA8743}.Release|Any CPU.ActiveCfg = Release|Any CPU
		{CFC2460C-A53B-4CE4-A6C9-247FA8DA8743}.Release|Any CPU.Build.0 = Release|Any CPU
		{C1DD0064-538C-4947-AC33-A86DA35D372B}.Debug|Any CPU.ActiveCfg = Debug|Any CPU
		{C1DD0064-538C-4947-AC33-A86DA35D372B}.Debug|Any CPU.Build.0 = Debug|Any CPU
		{C1DD0064-538C-4947-AC33-A86DA35D372B}.Release|Any CPU.ActiveCfg = Release|Any CPU
		{C1DD0064-538C-4947-AC33-A86DA35D372B}.Release|Any CPU.Build.0 = Release|Any CPU
		{4664B382-E82F-43F1-AD2A-3CDDA73E034E}.Debug|Any CPU.ActiveCfg = Debug|Any CPU
		{4664B382-E82F-43F1-AD2A-3CDDA73E034E}.Debug|Any CPU.Build.0 = Debug|Any CPU
		{4664B382-E82F-43F1-AD2A-3CDDA73E034E}.Release|Any CPU.ActiveCfg = Release|Any CPU
		{4664B382-E82F-43F1-AD2A-3CDDA73E034E}.Release|Any CPU.Build.0 = Release|Any CPU
		{7F76200C-7D31-45C1-ABEC-001EA3E7A610}.Debug|Any CPU.ActiveCfg = Debug|Any CPU
		{7F76200C-7D31-45C1-ABEC-001EA3E7A610}.Debug|Any CPU.Build.0 = Debug|Any CPU
		{7F76200C-7D31-45C1-ABEC-001EA3E7A610}.Release|Any CPU.ActiveCfg = Release|Any CPU
		{7F76200C-7D31-45C1-ABEC-001EA3E7A610}.Release|Any CPU.Build.0 = Release|Any CPU
		{08400084-2798-4C36-97FD-2757A031A7C2}.Debug|Any CPU.ActiveCfg = Debug|Any CPU
		{08400084-2798-4C36-97FD-2757A031A7C2}.Debug|Any CPU.Build.0 = Debug|Any CPU
		{08400084-2798-4C36-97FD-2757A031A7C2}.Release|Any CPU.ActiveCfg = Release|Any CPU
		{08400084-2798-4C36-97FD-2757A031A7C2}.Release|Any CPU.Build.0 = Release|Any CPU
	EndGlobalSection
	GlobalSection(SolutionProperties) = preSolution
		HideSolutionNode = FALSE
	EndGlobalSection
	GlobalSection(ExtensibilityGlobals) = postSolution
		SolutionGuid = {43ABF5E5-B78D-4205-BE41-551BA8ADB2B9}
	EndGlobalSection
EndGlobal
